
Microsoft Visual Studio Solution File, Format Version 12.00
# Visual Studio Version 17
VisualStudioVersion = 17.2.32519.379
MinimumVisualStudioVersion = 10.0.40219.1
Project("{FAE04EC0-301F-11D3-BF4B-00C04F79EFBC}") = "PryPrimerTPLab3-SignorileBautista", "PryPrimerTPLab3-SignorileBautista.csproj", "{69BCBAA0-EBD6-4E28-8284-87B7D5C6E211}"
EndProject
Global
	GlobalSection(SolutionConfigurationPlatforms) = preSolution
		Debug|Any CPU = Debug|Any CPU
		Release|Any CPU = Release|Any CPU
	EndGlobalSection
	GlobalSection(ProjectConfigurationPlatforms) = postSolution
		{69BCBAA0-EBD6-4E28-8284-87B7D5C6E211}.Debug|Any CPU.ActiveCfg = Debug|Any CPU
		{69BCBAA0-EBD6-4E28-8284-87B7D5C6E211}.Debug|Any CPU.Build.0 = Debug|Any CPU
		{69BCBAA0-EBD6-4E28-8284-87B7D5C6E211}.Release|Any CPU.ActiveCfg = Release|Any CPU
		{69BCBAA0-EBD6-4E28-8284-87B7D5C6E211}.Release|Any CPU.Build.0 = Release|Any CPU
	EndGlobalSection
	GlobalSection(SolutionProperties) = preSolution
		HideSolutionNode = FALSE
	EndGlobalSection
	GlobalSection(ExtensibilityGlobals) = postSolution
		SolutionGuid = {5347E3B4-43E2-4807-94E0-2542CDA88E7B}
	EndGlobalSection
EndGlobal
